// !$*UTF8*$!
{
	archiveVersion = 1;
	classes = {
	};
	objectVersion = 56;
	objects = {

/* Begin PBXBuildFile section */
		B10001 /* SparrowDeskStoreApp.swift in Sources */ = {isa = PBXBuildFile; fileRef = B20001; };
		B10002 /* AppConfig.swift in Sources */ = {isa = PBXBuildFile; fileRef = B20002; };
		B10003 /* Product.swift in Sources */ = {isa = PBXBuildFile; fileRef = B20003; };
		B10004 /* CartManager.swift in Sources */ = {isa = PBXBuildFile; fileRef = B20004; };
		B10005 /* ProductListView.swift in Sources */ = {isa = PBXBuildFile; fileRef = B20005; };
		B10006 /* ProductDetailView.swift in Sources */ = {isa = PBXBuildFile; fileRef = B20006; };
		B10007 /* CartView.swift in Sources */ = {isa = PBXBuildFile; fileRef = B20007; };
		B10008 /* SupportChatView.swift in Sources */ = {isa = PBXBuildFile; fileRef = B20008; };
		B10009 /* Assets.xcassets in Resources */ = {isa = PBXBuildFile; fileRef = B20009; };
/* End PBXBuildFile section */

/* Begin PBXFileReference section */
		B20001 /* SparrowDeskStoreApp.swift */ = {isa = PBXFileReference; lastKnownFileType = sourcecode.swift; path = SparrowDeskStoreApp.swift; sourceTree = "<group>"; };
		B20002 /* AppConfig.swift */ = {isa = PBXFileReference; lastKnownFileType = sourcecode.swift; path = AppConfig.swift; sourceTree = "<group>"; };
		B20003 /* Product.swift */ = {isa = PBXFileReference; lastKnownFileType = sourcecode.swift; path = Product.swift; sourceTree = "<group>"; };
		B20004 /* CartManager.swift */ = {isa = PBXFileReference; lastKnownFileType = sourcecode.swift; path = CartManager.swift; sourceTree = "<group>"; };
		B20005 /* ProductListView.swift */ = {isa = PBXFileReference; lastKnownFileType = sourcecode.swift; path = ProductListView.swift; sourceTree = "<group>"; };
		B20006 /* ProductDetailView.swift */ = {isa = PBXFileReference; lastKnownFileType = sourcecode.swift; path = ProductDetailView.swift; sourceTree = "<group>"; };
		B20007 /* CartView.swift */ = {isa = PBXFileReference; lastKnownFileType = sourcecode.swift; path = CartView.swift; sourceTree = "<group>"; };
		B20008 /* SupportChatView.swift */ = {isa = PBXFileReference; lastKnownFileType = sourcecode.swift; path = SupportChatView.swift; sourceTree = "<group>"; };
		B20009 /* Assets.xcassets */ = {isa = PBXFileReference; lastKnownFileType = folder.assetcatalog; path = Assets.xcassets; sourceTree = "<group>"; };
		B20010 /* Info.plist */ = {isa = PBXFileReference; lastKnownFileType = text.plist.xml; path = Info.plist; sourceTree = "<group>"; };
		B20011 /* SparrowDeskStore.app */ = {isa = PBXFileReference; explicitFileType = wrapper.application; includeInIndex = 0; path = SparrowDeskStore.app; sourceTree = BUILT_PRODUCTS_DIR; };
/* End PBXFileReference section */

/* Begin PBXFrameworksBuildPhase section */
		B30001 /* Frameworks */ = {
			isa = PBXFrameworksBuildPhase;
			buildActionMask = 2147483647;
			files = (
			);
			runOnlyForDeploymentPostprocessing = 0;
		};
/* End PBXFrameworksBuildPhase section */

/* Begin PBXGroup section */
		B40001 = {
			isa = PBXGroup;
			children = (
				B40002 /* SparrowDeskStore */,
				B40003 /* Products */,
			);
			sourceTree = "<group>";
		};
		B40002 /* SparrowDeskStore */ = {
			isa = PBXGroup;
			children = (
				B20001 /* SparrowDeskStoreApp.swift */,
				B20002 /* AppConfig.swift */,
				B20003 /* Product.swift */,
				B20004 /* CartManager.swift */,
				B20005 /* ProductListView.swift */,
				B20006 /* ProductDetailView.swift */,
				B20007 /* CartView.swift */,
				B20008 /* SupportChatView.swift */,
				B20009 /* Assets.xcassets */,
				B20010 /* Info.plist */,
			);
			path = SparrowDeskStore;
			sourceTree = "<group>";
		};
		B40003 /* Products */ = {
			isa = PBXGroup;
			children = (
				B20011 /* SparrowDeskStore.app */,
			);
			name = Products;
			sourceTree = "<group>";
		};
/* End PBXGroup section */

/* Begin PBXNativeTarget section */
		B50001 /* SparrowDeskStore */ = {
			isa = PBXNativeTarget;
			buildConfigurationList = B70001;
			buildPhases = (
				B60001 /* Build SparrowDeskSDK Framework */,
				B50002 /* Sources */,
				B30001 /* Frameworks */,
				B50003 /* Resources */,
			);
			buildRules = (
			);
			dependencies = (
			);
			name = SparrowDeskStore;
			productName = SparrowDeskStore;
			productReference = B20011;
			productType = "com.apple.product-type.application";
		};
/* End PBXNativeTarget section */

/* Begin PBXProject section */
		B80001 /* Project object */ = {
			isa = PBXProject;
			attributes = {
				BuildIndependentTargetsInParallel = 1;
				LastSwiftUpdateCheck = 1500;
				LastUpgradeCheck = 1500;
			};
			buildConfigurationList = B70004;
			compatibilityVersion = "Xcode 14.0";
			developmentRegion = en;
			hasScannedForEncodings = 0;
			knownRegions = (
				en,
				Base,
			);
			mainGroup = B40001;
			productRefGroup = B40003;
			projectDirPath = "";
			projectRoot = "";
			targets = (
				B50001 /* SparrowDeskStore */,
			);
		};
/* End PBXProject section */

/* Begin PBXResourcesBuildPhase section */
		B50003 /* Resources */ = {
			isa = PBXResourcesBuildPhase;
			buildActionMask = 2147483647;
			files = (
				B10009 /* Assets.xcassets in Resources */,
			);
			runOnlyForDeploymentPostprocessing = 0;
		};
/* End PBXResourcesBuildPhase section */

/* Begin PBXShellScriptBuildPhase section */
		B60001 /* Build SparrowDeskSDK Framework */ = {
			isa = PBXShellScriptBuildPhase;
			alwaysOutOfDate = 1;
			buildActionMask = 2147483647;
			files = (
			);
			inputPaths = (
			);
			name = "Build SparrowDeskSDK Framework";
			outputPaths = (
			);
			runOnlyForDeploymentPostprocessing = 0;
			shellPath = /bin/sh;
			shellScript = "cd \"$SRCROOT/../..\"\n./gradlew :sparrowdesk-sdk:linkReleaseFrameworkIosSimulatorArm64\n";
		};
/* End PBXShellScriptBuildPhase section */

/* Begin PBXSourcesBuildPhase section */
		B50002 /* Sources */ = {
			isa = PBXSourcesBuildPhase;
			buildActionMask = 2147483647;
			files = (
				B10001 /* SparrowDeskStoreApp.swift in Sources */,
				B10002 /* AppConfig.swift in Sources */,
				B10003 /* Product.swift in Sources */,
				B10004 /* CartManager.swift in Sources */,
				B10005 /* ProductListView.swift in Sources */,
				B10006 /* ProductDetailView.swift in Sources */,
				B10007 /* CartView.swift in Sources */,
				B10008 /* SupportChatView.swift in Sources */,
			);
			runOnlyForDeploymentPostprocessing = 0;
		};
/* End PBXSourcesBuildPhase section */

/* Begin XCBuildConfiguration section */
		B90001 /* Debug */ = {
			isa = XCBuildConfiguration;
			buildSettings = {
				ASSETCATALOG_COMPILER_APPICON_NAME = AppIcon;
				CODE_SIGN_STYLE = Automatic;
				FRAMEWORK_SEARCH_PATHS = "$(SRCROOT)/../../sparrowdesk-sdk/build/bin/iosSimulatorArm64/releaseFramework";
				INFOPLIST_FILE = SparrowDeskStore/Info.plist;
				IPHONEOS_DEPLOYMENT_TARGET = 16.0;
				LD_RUNPATH_SEARCH_PATHS = "$(inherited) @executable_path/Frameworks";
				OTHER_LDFLAGS = "-ObjC";
				PRODUCT_BUNDLE_IDENTIFIER = com.sparrowdesk.ecommerce;
				PRODUCT_NAME = "$(TARGET_NAME)";
				SWIFT_VERSION = 5.0;
				TARGETED_DEVICE_FAMILY = "1,2";
			};
			name = Debug;
		};
		B90002 /* Release */ = {
			isa = XCBuildConfiguration;
			buildSettings = {
				ASSETCATALOG_COMPILER_APPICON_NAME = AppIcon;
				CODE_SIGN_STYLE = Automatic;
				FRAMEWORK_SEARCH_PATHS = "$(SRCROOT)/../../sparrowdesk-sdk/build/bin/iosSimulatorArm64/releaseFramework";
				INFOPLIST_FILE = SparrowDeskStore/Info.plist;
				IPHONEOS_DEPLOYMENT_TARGET = 16.0;
				LD_RUNPATH_SEARCH_PATHS = "$(inherited) @executable_path/Frameworks";
				OTHER_LDFLAGS = "-ObjC";
				PRODUCT_BUNDLE_IDENTIFIER = com.sparrowdesk.ecommerce;
				PRODUCT_NAME = "$(TARGET_NAME)";
				SWIFT_VERSION = 5.0;
				TARGETED_DEVICE_FAMILY = "1,2";
			};
			name = Release;
		};
		B90003 /* Debug */ = {
			isa = XCBuildConfiguration;
			buildSettings = {
				ALWAYS_SEARCH_USER_PATHS = NO;
				CLANG_ANALYZER_NONNULL = YES;
				CLANG_CXX_LANGUAGE_STANDARD = "gnu++20";
				CLANG_ENABLE_MODULES = YES;
				CLANG_ENABLE_OBJC_ARC = YES;
				COPY_PHASE_STRIP = NO;
				DEBUG_INFORMATION_FORMAT = dwarf;
				ENABLE_STRICT_OBJC_MSGSEND = YES;
				GCC_OPTIMIZATION_LEVEL = 0;
				GCC_WARN_ABOUT_RETURN_TYPE = YES_ERROR;
				GCC_WARN_UNINITIALIZED_AUTOS = YES_AGGRESSIVE;
				IPHONEOS_DEPLOYMENT_TARGET = 16.0;
				MTL_ENABLE_DEBUG_INFO = INCLUDE_SOURCE;
				ONLY_ACTIVE_ARCH = YES;
				SDKROOT = iphoneos;
				SWIFT_ACTIVE_COMPILATION_CONDITIONS = DEBUG;
				SWIFT_OPTIMIZATION_LEVEL = "-Onone";
			};
			name = Debug;
		};
		B90004 /* Release */ = {
			isa = XCBuildConfiguration;
			buildSettings = {
				ALWAYS_SEARCH_USER_PATHS = NO;
				CLANG_ANALYZER_NONNULL = YES;
				CLANG_CXX_LANGUAGE_STANDARD = "gnu++20";
				CLANG_ENABLE_MODULES = YES;
				CLANG_ENABLE_OBJC_ARC = YES;
				COPY_PHASE_STRIP = NO;
				DEBUG_INFORMATION_FORMAT = "dwarf-with-dsym";
				ENABLE_NS_ASSERTIONS = NO;
				ENABLE_STRICT_OBJC_MSGSEND = YES;
				GCC_WARN_ABOUT_RETURN_TYPE = YES_ERROR;
				GCC_WARN_UNINITIALIZED_AUTOS = YES_AGGRESSIVE;
				IPHONEOS_DEPLOYMENT_TARGET = 16.0;
				SDKROOT = iphoneos;
				SWIFT_COMPILATION_MODE = wholemodule;
				SWIFT_OPTIMIZATION_LEVEL = "-O";
				VALIDATE_PRODUCT = YES;
			};
			name = Release;
		};
/* End XCBuildConfiguration section */

/* Begin XCConfigurationList section */
		B70001 /* Build configuration list for PBXNativeTarget "SparrowDeskStore" */ = {
			isa = XCConfigurationList;
			buildConfigurations = (
				B90001 /* Debug */,
				B90002 /* Release */,
			);
			defaultConfigurationIsVisible = 0;
			defaultConfigurationName = Release;
		};
		B70004 /* Build configuration list for PBXProject "SparrowDeskStore" */ = {
			isa = XCConfigurationList;
			buildConfigurations = (
				B90003 /* Debug */,
				B90004 /* Release */,
			);
			defaultConfigurationIsVisible = 0;
			defaultConfigurationName = Release;
		};
/* End XCConfigurationList section */

	};
	rootObject = B80001 /* Project object */;
}
